<?xml version="1.0" encoding="utf-8"?>
<Project ToolsVersion="4.0" xmlns="http://schemas.microsoft.com/developer/msbuild/2003">
  <ItemGroup>
    <Filter Include="Script">
      <UniqueIdentifier>{585f2ba7-813f-4532-9a95-b2967ae06511}</UniqueIdentifier>
    </Filter>
    <Filter Include="ScriptMgr">
      <UniqueIdentifier>{78d2676d-e9d6-47ca-8d90-52e8d457d264}</UniqueIdentifier>
    </Filter>
    <Filter Include="Script\Default">
      <UniqueIdentifier>{6546fd48-44d9-4960-9249-56cca8c1ccc0}</UniqueIdentifier>
    </Filter>
    <Filter Include="Script\Player">
      <UniqueIdentifier>{4a64c82e-07d0-4d1e-82de-0b4421c77f4b}</UniqueIdentifier>
    </Filter>
    <Filter Include="Script\Camera">
      <UniqueIdentifier>{66c3988b-c771-4d66-9b26-c124f8f9b7f9}</UniqueIdentifier>
    </Filter>
    <Filter Include="Script\Other">
      <UniqueIdentifier>{0c9f5221-6ac9-44d6-8472-bd6b25bd4fe4}</UniqueIdentifier>
    </Filter>
    <Filter Include="Script\Player\StateMachine">
      <UniqueIdentifier>{5fbaa90f-9c9d-4c43-9864-f5e8e994f1c9}</UniqueIdentifier>
    </Filter>
    <Filter Include="Script\Anjanath">
      <UniqueIdentifier>{696c9602-fe47-4572-ac53-117851fb4caf}</UniqueIdentifier>
    </Filter>
    <Filter Include="Script\Weapon">
      <UniqueIdentifier>{66125221-9166-486a-b90b-2a5f8daec292}</UniqueIdentifier>
    </Filter>
    <Filter Include="Script\Weapon\Sword">
      <UniqueIdentifier>{f6dad07d-b180-42ae-a45b-14f3485936eb}</UniqueIdentifier>
    </Filter>
    <Filter Include="Script\Anjanath\Body">
      <UniqueIdentifier>{7063d274-2d89-4641-b9c8-f837858720a6}</UniqueIdentifier>
    </Filter>
    <Filter Include="Script\Anjanath\Attack">
      <UniqueIdentifier>{b72515df-182a-445a-a239-a586c9cbfaea}</UniqueIdentifier>
    </Filter>
  </ItemGroup>
  <ItemGroup>
    <ClInclude Include="framework.h">
      <Filter>Script\Default</Filter>
    </ClInclude>
    <ClInclude Include="pch.h">
      <Filter>Script\Default</Filter>
    </ClInclude>
    <ClInclude Include="CScriptMgr.h">
      <Filter>ScriptMgr</Filter>
    </ClInclude>
    <ClInclude Include="CMainPlayerScript.h">
      <Filter>Script\Player</Filter>
    </ClInclude>
    <ClInclude Include="CCameraMoveScript.h">
      <Filter>Script\Camera</Filter>
    </ClInclude>
    <ClInclude Include="CGravityScript.h">
      <Filter>Script\Other</Filter>
    </ClInclude>
    <ClInclude Include="CMissileScript.h">
      <Filter>Script\Other</Filter>
    </ClInclude>
    <ClInclude Include="CMonsterScript.h">
      <Filter>Script\Other</Filter>
    </ClInclude>
    <ClInclude Include="CPlayerScript.h">
      <Filter>Script\Other</Filter>
    </ClInclude>
    <ClInclude Include="CTestScript.h">
      <Filter>Script\Other</Filter>
    </ClInclude>
    <ClInclude Include="CPlayerCameraScript.h">
      <Filter>Script\Camera</Filter>
    </ClInclude>
    <ClInclude Include="CAnjanath.h">
      <Filter>Script\Anjanath</Filter>
    </ClInclude>
    <ClInclude Include="CWeaponScript.h">
      <Filter>Script\Weapon</Filter>
    </ClInclude>
    <ClInclude Include="CPlayerShieldScript.h">
      <Filter>Script\Weapon</Filter>
    </ClInclude>
    <ClInclude Include="CSwordScript.h">
      <Filter>Script\Weapon</Filter>
    </ClInclude>
    <ClInclude Include="AnjAttack.h">
      <Filter>Script\Anjanath\Attack</Filter>
    </ClInclude>
    <ClInclude Include="CAnjanathBody.h">
      <Filter>Script\Anjanath\Body</Filter>
    </ClInclude>
    <ClInclude Include="CAnjanathHead.h">
      <Filter>Script\Anjanath\Body</Filter>
    </ClInclude>
    <ClInclude Include="CAnjanathLeg.h">
      <Filter>Script\Anjanath\Body</Filter>
    </ClInclude>
    <ClInclude Include="CAnjanathPart.h">
      <Filter>Script\Anjanath\Body</Filter>
    </ClInclude>
    <ClInclude Include="CAnjanathTail.h">
      <Filter>Script\Anjanath\Body</Filter>
    </ClInclude>
  </ItemGroup>
  <ItemGroup>
    <ClCompile Include="pch.cpp">
      <Filter>Script\Default</Filter>
    </ClCompile>
    <ClCompile Include="Script.cpp">
      <Filter>Script\Default</Filter>
    </ClCompile>
    <ClCompile Include="CScriptMgr.cpp">
      <Filter>ScriptMgr</Filter>
    </ClCompile>
    <ClCompile Include="CMainPlayerScript.cpp">
      <Filter>Script\Player</Filter>
    </ClCompile>
    <ClCompile Include="CCameraMoveScript.cpp">
      <Filter>Script\Camera</Filter>
    </ClCompile>
    <ClCompile Include="CGravityScript.cpp">
      <Filter>Script\Other</Filter>
    </ClCompile>
    <ClCompile Include="CMissileScript.cpp">
      <Filter>Script\Other</Filter>
    </ClCompile>
    <ClCompile Include="CMonsterScript.cpp">
      <Filter>Script\Other</Filter>
    </ClCompile>
    <ClCompile Include="CPlayerScript.cpp">
      <Filter>Script\Other</Filter>
    </ClCompile>
    <ClCompile Include="CTestScript.cpp">
      <Filter>Script\Other</Filter>
    </ClCompile>
    <ClCompile Include="State.cpp">
      <Filter>Script\Player\StateMachine</Filter>
    </ClCompile>
    <ClCompile Include="PlayerStateMachine.cpp">
      <Filter>Script\Player\StateMachine</Filter>
    </ClCompile>
    <ClCompile Include="States_Init.cpp">
      <Filter>Script\Player\StateMachine</Filter>
    </ClCompile>
    <ClCompile Include="State_Move_Init.cpp">
      <Filter>Script\Player\StateMachine</Filter>
    </ClCompile>
    <ClCompile Include="State_Attack_Init.cpp">
      <Filter>Script\Player\StateMachine</Filter>
    </ClCompile>
    <ClCompile Include="State_Hit_Init.cpp">
      <Filter>Script\Player\StateMachine</Filter>
    </ClCompile>
    <ClCompile Include="CPlayerCameraScript.cpp">
      <Filter>Script\Camera</Filter>
    </ClCompile>
    <ClCompile Include="State_Switch_Init.cpp">
      <Filter>Script\Player\StateMachine</Filter>
    </ClCompile>
    <ClCompile Include="State_Rolling_Init.cpp">
      <Filter>Script\Player\StateMachine</Filter>
    </ClCompile>
    <ClCompile Include="CAnjanath.cpp">
      <Filter>Script\Anjanath</Filter>
    </ClCompile>
    <ClCompile Include="State_Guard_Init.cpp">
      <Filter>Script\Player\StateMachine</Filter>
    </ClCompile>
    <ClCompile Include="CWeaponScript.cpp">
      <Filter>Script\Weapon</Filter>
    </ClCompile>
    <ClCompile Include="CSwordScript.cpp">
      <Filter>Script\Weapon</Filter>
    </ClCompile>
    <ClCompile Include="CPlayerShieldScript.cpp">
      <Filter>Script\Weapon</Filter>
    </ClCompile>
    <ClCompile Include="AnjAttack.cpp">
      <Filter>Script\Anjanath\Attack</Filter>
    </ClCompile>
    <ClCompile Include="CAnjanathBody.cpp">
      <Filter>Script\Anjanath\Body</Filter>
    </ClCompile>
    <ClCompile Include="CAnjanathHead.cpp">
      <Filter>Script\Anjanath\Body</Filter>
    </ClCompile>
    <ClCompile Include="CAnjanathLeg.cpp">
      <Filter>Script\Anjanath\Body</Filter>
    </ClCompile>
    <ClCompile Include="CAnjanathPart.cpp">
      <Filter>Script\Anjanath\Body</Filter>
    </ClCompile>
    <ClCompile Include="CAnjanathTail.cpp">
      <Filter>Script\Anjanath\Body</Filter>
    </ClCompile>
  </ItemGroup>
</Project>